
Microsoft Visual Studio Solution File, Format Version 12.00
# Visual Studio Version 16
VisualStudioVersion = 16.0.31112.23
MinimumVisualStudioVersion = 10.0.40219.1
Project("{FAE04EC0-301F-11D3-BF4B-00C04F79EFBC}") = "API__Restaurant", "API__Restaurant\API__Restaurant.csproj", "{FCB17305-CDFE-4813-B989-857C165ECFE0}"
EndProject
Global
	GlobalSection(SolutionConfigurationPlatforms) = preSolution
		Debug|Any CPU = Debug|Any CPU
		Release|Any CPU = Release|Any CPU
	EndGlobalSection
	GlobalSection(ProjectConfigurationPlatforms) = postSolution
		{FCB17305-CDFE-4813-B989-857C165ECFE0}.Debug|Any CPU.ActiveCfg = Debug|Any CPU
		{FCB17305-CDFE-4813-B989-857C165ECFE0}.Debug|Any CPU.Build.0 = Debug|Any CPU
		{FCB17305-CDFE-4813-B989-857C165ECFE0}.Release|Any CPU.ActiveCfg = Release|Any CPU
		{FCB17305-CDFE-4813-B989-857C165ECFE0}.Release|Any CPU.Build.0 = Release|Any CPU
	EndGlobalSection
	GlobalSection(SolutionProperties) = preSolution
		HideSolutionNode = FALSE
	EndGlobalSection
	GlobalSection(ExtensibilityGlobals) = postSolution
		SolutionGuid = {5589B2AF-1235-4181-9D40-52ACC4E136EB}
	EndGlobalSection
EndGlobal
